
Microsoft Visual Studio Solution File, Format Version 12.00
# Visual Studio 14
VisualStudioVersion = 14.0.23107.0
MinimumVisualStudioVersion = 10.0.40219.1
Project("{FAE04EC0-301F-11D3-BF4B-00C04F79EFBC}") = "MahApps.Metro.NET45", "MahApps.Metro\MahApps.Metro\MahApps.Metro.NET45.csproj", "{942D11C4-29F5-46C4-8C14-4B976D56C637}"
EndProject
Project("{FAE04EC0-301F-11D3-BF4B-00C04F79EFBC}") = "Lex.Db.Net45", "lex.db\lib\Lex.Db.Net45\Lex.Db.Net45.csproj", "{04608184-27B9-42A2-9E5E-69A6CB21ECFE}"
EndProject
Project("{FAE04EC0-301F-11D3-BF4B-00C04F79EFBC}") = "TreeViewEx", "TreeViewEx\TreeViewEx\TreeViewEx.csproj", "{2854814F-EA3C-41D4-AA94-460C4694F430}"
EndProject
Project("{2150E333-8FDC-42A3-9474-1A3956D46DE8}") = "submodules", "submodules", "{B3627858-8280-4E36-99B3-66543AD8BB9C}"
EndProject
Project("{FAE04EC0-301F-11D3-BF4B-00C04F79EFBC}") = "R54IN0.Test", "R54IN0.Test\R54IN0.Test.csproj", "{EC787DFF-E080-4A02-958E-111AD0534DE8}"
EndProject
Project("{FAE04EC0-301F-11D3-BF4B-00C04F79EFBC}") = "R54IN0.WPF", "R54IN0.WPF\R54IN0.WPF.csproj", "{5A0C4CA1-B587-42A9-8DF0-3151B1B33784}"
EndProject
Project("{FAE04EC0-301F-11D3-BF4B-00C04F79EFBC}") = "EditableTextBlock", "WPFEditableTextBlock\EditableTextBlock.csproj", "{F33E2408-9254-4BAE-9B0A-52ACDEE00BD9}"
EndProject
Project("{FAE04EC0-301F-11D3-BF4B-00C04F79EFBC}") = "Newtonsoft.Json.Net40", "Newtonsoft.Json\Src\Newtonsoft.Json\Newtonsoft.Json.Net40.csproj", "{A9AE40FF-1A21-414A-9FE7-3BE13644CC6D}"
EndProject
Project("{FAE04EC0-301F-11D3-BF4B-00C04F79EFBC}") = "GalaSoft.MvvmLight.Platform (NET45)", "mvvmlight\GalaSoft.MvvmLight\GalaSoft.MvvmLight.Platform (NET45)\GalaSoft.MvvmLight.Platform (NET45).csproj", "{0722B3DB-76CD-4562-BEA9-5C5C416B6A39}"
EndProject
Project("{FAE04EC0-301F-11D3-BF4B-00C04F79EFBC}") = "GalaSoft.MvvmLight (PCL)", "mvvmlight\GalaSoft.MvvmLight\GalaSoft.MvvmLight (PCL)\GalaSoft.MvvmLight (PCL).csproj", "{6A912701-3BA1-4975-ADBF-160CAF66B640}"
EndProject
Project("{FAE04EC0-301F-11D3-BF4B-00C04F79EFBC}") = "MahApps.Metro.Resources", "MahApps.Metro\MahApps.Metro.Resources\MahApps.Metro.Resources.csproj", "{E708AC99-605B-42A0-8D20-ABCA8FE42DD2}"
EndProject
Project("{FAE04EC0-301F-11D3-BF4B-00C04F79EFBC}") = "R54IN0.Format", "R54IN0.Format\R54IN0.Format.csproj", "{54185BEA-D735-4A8E-808C-807F8B626463}"
EndProject
Project("{FAE04EC0-301F-11D3-BF4B-00C04F79EFBC}") = "MySQL.Test", "MySQL.Test\MySQL.Test.csproj", "{14258388-26C2-4BC1-A836-86B677038273}"
EndProject
Global
	GlobalSection(SharedMSBuildProjectFiles) = preSolution
		lex.db\lib\Lex.Db.Shared\Lex.Db.Shared.projitems*{04608184-27b9-42a2-9e5e-69a6cb21ecfe}*SharedItemsImports = 4
	EndGlobalSection
	GlobalSection(SolutionConfigurationPlatforms) = preSolution
		AppVeyor|Any CPU = AppVeyor|Any CPU
		AppVeyor|x86 = AppVeyor|x86
		Debug|Any CPU = Debug|Any CPU
		Debug|x86 = Debug|x86
		Release|Any CPU = Release|Any CPU
		Release|x86 = Release|x86
	EndGlobalSection
	GlobalSection(ProjectConfigurationPlatforms) = postSolution
		{942D11C4-29F5-46C4-8C14-4B976D56C637}.AppVeyor|Any CPU.ActiveCfg = Release|Any CPU
		{942D11C4-29F5-46C4-8C14-4B976D56C637}.AppVeyor|Any CPU.Build.0 = Release|Any CPU
		{942D11C4-29F5-46C4-8C14-4B976D56C637}.AppVeyor|x86.ActiveCfg = Release|Any CPU
		{942D11C4-29F5-46C4-8C14-4B976D56C637}.AppVeyor|x86.Build.0 = Release|Any CPU
		{942D11C4-29F5-46C4-8C14-4B976D56C637}.Debug|Any CPU.ActiveCfg = Debug|Any CPU
		{942D11C4-29F5-46C4-8C14-4B976D56C637}.Debug|Any CPU.Build.0 = Debug|Any CPU
		{942D11C4-29F5-46C4-8C14-4B976D56C637}.Debug|x86.ActiveCfg = Debug|Any CPU
		{942D11C4-29F5-46C4-8C14-4B976D56C637}.Debug|x86.Build.0 = Debug|Any CPU
		{942D11C4-29F5-46C4-8C14-4B976D56C637}.Release|Any CPU.ActiveCfg = Release|Any CPU
		{942D11C4-29F5-46C4-8C14-4B976D56C637}.Release|Any CPU.Build.0 = Release|Any CPU
		{942D11C4-29F5-46C4-8C14-4B976D56C637}.Release|x86.ActiveCfg = Release|Any CPU
		{942D11C4-29F5-46C4-8C14-4B976D56C637}.Release|x86.Build.0 = Release|Any CPU
		{04608184-27B9-42A2-9E5E-69A6CB21ECFE}.AppVeyor|Any CPU.ActiveCfg = Release|Any CPU
		{04608184-27B9-42A2-9E5E-69A6CB21ECFE}.AppVeyor|Any CPU.Build.0 = Release|Any CPU
		{04608184-27B9-42A2-9E5E-69A6CB21ECFE}.AppVeyor|x86.ActiveCfg = Release|Any CPU
		{04608184-27B9-42A2-9E5E-69A6CB21ECFE}.AppVeyor|x86.Build.0 = Release|Any CPU
		{04608184-27B9-42A2-9E5E-69A6CB21ECFE}.Debug|Any CPU.ActiveCfg = Debug|Any CPU
		{04608184-27B9-42A2-9E5E-69A6CB21ECFE}.Debug|Any CPU.Build.0 = Debug|Any CPU
		{04608184-27B9-42A2-9E5E-69A6CB21ECFE}.Debug|x86.ActiveCfg = Debug|Any CPU
		{04608184-27B9-42A2-9E5E-69A6CB21ECFE}.Debug|x86.Build.0 = Debug|Any CPU
		{04608184-27B9-42A2-9E5E-69A6CB21ECFE}.Release|Any CPU.ActiveCfg = Release|Any CPU
		{04608184-27B9-42A2-9E5E-69A6CB21ECFE}.Release|Any CPU.Build.0 = Release|Any CPU
		{04608184-27B9-42A2-9E5E-69A6CB21ECFE}.Release|x86.ActiveCfg = Release|Any CPU
		{04608184-27B9-42A2-9E5E-69A6CB21ECFE}.Release|x86.Build.0 = Release|Any CPU
		{2854814F-EA3C-41D4-AA94-460C4694F430}.AppVeyor|Any CPU.ActiveCfg = Release|Any CPU
		{2854814F-EA3C-41D4-AA94-460C4694F430}.AppVeyor|Any CPU.Build.0 = Release|Any CPU
		{2854814F-EA3C-41D4-AA94-460C4694F430}.AppVeyor|x86.ActiveCfg = Release|x86
		{2854814F-EA3C-41D4-AA94-460C4694F430}.AppVeyor|x86.Build.0 = Release|x86
		{2854814F-EA3C-41D4-AA94-460C4694F430}.Debug|Any CPU.ActiveCfg = Debug|Any CPU
		{2854814F-EA3C-41D4-AA94-460C4694F430}.Debug|Any CPU.Build.0 = Debug|Any CPU
		{2854814F-EA3C-41D4-AA94-460C4694F430}.Debug|x86.ActiveCfg = Debug|x86
		{2854814F-EA3C-41D4-AA94-460C4694F430}.Debug|x86.Build.0 = Debug|x86
		{2854814F-EA3C-41D4-AA94-460C4694F430}.Release|Any CPU.ActiveCfg = Release|Any CPU
		{2854814F-EA3C-41D4-AA94-460C4694F430}.Release|Any CPU.Build.0 = Release|Any CPU
		{2854814F-EA3C-41D4-AA94-460C4694F430}.Release|x86.ActiveCfg = Release|x86
		{2854814F-EA3C-41D4-AA94-460C4694F430}.Release|x86.Build.0 = Release|x86
		{EC787DFF-E080-4A02-958E-111AD0534DE8}.AppVeyor|Any CPU.ActiveCfg = Release|Any CPU
		{EC787DFF-E080-4A02-958E-111AD0534DE8}.AppVeyor|Any CPU.Build.0 = Release|Any CPU
		{EC787DFF-E080-4A02-958E-111AD0534DE8}.AppVeyor|x86.ActiveCfg = Release|Any CPU
		{EC787DFF-E080-4A02-958E-111AD0534DE8}.AppVeyor|x86.Build.0 = Release|Any CPU
		{EC787DFF-E080-4A02-958E-111AD0534DE8}.Debug|Any CPU.ActiveCfg = Debug|Any CPU
		{EC787DFF-E080-4A02-958E-111AD0534DE8}.Debug|Any CPU.Build.0 = Debug|Any CPU
		{EC787DFF-E080-4A02-958E-111AD0534DE8}.Debug|x86.ActiveCfg = Debug|Any CPU
		{EC787DFF-E080-4A02-958E-111AD0534DE8}.Debug|x86.Build.0 = Debug|Any CPU
		{EC787DFF-E080-4A02-958E-111AD0534DE8}.Release|Any CPU.ActiveCfg = Release|Any CPU
		{EC787DFF-E080-4A02-958E-111AD0534DE8}.Release|Any CPU.Build.0 = Release|Any CPU
		{EC787DFF-E080-4A02-958E-111AD0534DE8}.Release|x86.ActiveCfg = Release|Any CPU
		{EC787DFF-E080-4A02-958E-111AD0534DE8}.Release|x86.Build.0 = Release|Any CPU
		{5A0C4CA1-B587-42A9-8DF0-3151B1B33784}.AppVeyor|Any CPU.ActiveCfg = Release|Any CPU
		{5A0C4CA1-B587-42A9-8DF0-3151B1B33784}.AppVeyor|Any CPU.Build.0 = Release|Any CPU
		{5A0C4CA1-B587-42A9-8DF0-3151B1B33784}.AppVeyor|x86.ActiveCfg = Release|Any CPU
		{5A0C4CA1-B587-42A9-8DF0-3151B1B33784}.AppVeyor|x86.Build.0 = Release|Any CPU
		{5A0C4CA1-B587-42A9-8DF0-3151B1B33784}.Debug|Any CPU.ActiveCfg = Debug|Any CPU
		{5A0C4CA1-B587-42A9-8DF0-3151B1B33784}.Debug|Any CPU.Build.0 = Debug|Any CPU
		{5A0C4CA1-B587-42A9-8DF0-3151B1B33784}.Debug|x86.ActiveCfg = Debug|Any CPU
		{5A0C4CA1-B587-42A9-8DF0-3151B1B33784}.Debug|x86.Build.0 = Debug|Any CPU
		{5A0C4CA1-B587-42A9-8DF0-3151B1B33784}.Release|Any CPU.ActiveCfg = Release|Any CPU
		{5A0C4CA1-B587-42A9-8DF0-3151B1B33784}.Release|Any CPU.Build.0 = Release|Any CPU
		{5A0C4CA1-B587-42A9-8DF0-3151B1B33784}.Release|x86.ActiveCfg = Release|Any CPU
		{5A0C4CA1-B587-42A9-8DF0-3151B1B33784}.Release|x86.Build.0 = Release|Any CPU
		{F33E2408-9254-4BAE-9B0A-52ACDEE00BD9}.AppVeyor|Any CPU.ActiveCfg = Release|Any CPU
		{F33E2408-9254-4BAE-9B0A-52ACDEE00BD9}.AppVeyor|Any CPU.Build.0 = Release|Any CPU
		{F33E2408-9254-4BAE-9B0A-52ACDEE00BD9}.AppVeyor|x86.ActiveCfg = Release|Any CPU
		{F33E2408-9254-4BAE-9B0A-52ACDEE00BD9}.AppVeyor|x86.Build.0 = Release|Any CPU
		{F33E2408-9254-4BAE-9B0A-52ACDEE00BD9}.Debug|Any CPU.ActiveCfg = Debug|Any CPU
		{F33E2408-9254-4BAE-9B0A-52ACDEE00BD9}.Debug|Any CPU.Build.0 = Debug|Any CPU
		{F33E2408-9254-4BAE-9B0A-52ACDEE00BD9}.Debug|x86.ActiveCfg = Debug|Any CPU
		{F33E2408-9254-4BAE-9B0A-52ACDEE00BD9}.Debug|x86.Build.0 = Debug|Any CPU
		{F33E2408-9254-4BAE-9B0A-52ACDEE00BD9}.Release|Any CPU.ActiveCfg = Release|Any CPU
		{F33E2408-9254-4BAE-9B0A-52ACDEE00BD9}.Release|Any CPU.Build.0 = Release|Any CPU
		{F33E2408-9254-4BAE-9B0A-52ACDEE00BD9}.Release|x86.ActiveCfg = Release|Any CPU
		{F33E2408-9254-4BAE-9B0A-52ACDEE00BD9}.Release|x86.Build.0 = Release|Any CPU
		{A9AE40FF-1A21-414A-9FE7-3BE13644CC6D}.AppVeyor|Any CPU.ActiveCfg = Release|Any CPU
		{A9AE40FF-1A21-414A-9FE7-3BE13644CC6D}.AppVeyor|Any CPU.Build.0 = Release|Any CPU
		{A9AE40FF-1A21-414A-9FE7-3BE13644CC6D}.AppVeyor|x86.ActiveCfg = Release|Any CPU
		{A9AE40FF-1A21-414A-9FE7-3BE13644CC6D}.AppVeyor|x86.Build.0 = Release|Any CPU
		{A9AE40FF-1A21-414A-9FE7-3BE13644CC6D}.Debug|Any CPU.ActiveCfg = Debug|Any CPU
		{A9AE40FF-1A21-414A-9FE7-3BE13644CC6D}.Debug|Any CPU.Build.0 = Debug|Any CPU
		{A9AE40FF-1A21-414A-9FE7-3BE13644CC6D}.Debug|x86.ActiveCfg = Debug|Any CPU
		{A9AE40FF-1A21-414A-9FE7-3BE13644CC6D}.Debug|x86.Build.0 = Debug|Any CPU
		{A9AE40FF-1A21-414A-9FE7-3BE13644CC6D}.Release|Any CPU.ActiveCfg = Release|Any CPU
		{A9AE40FF-1A21-414A-9FE7-3BE13644CC6D}.Release|Any CPU.Build.0 = Release|Any CPU
		{A9AE40FF-1A21-414A-9FE7-3BE13644CC6D}.Release|x86.ActiveCfg = Release|Any CPU
		{A9AE40FF-1A21-414A-9FE7-3BE13644CC6D}.Release|x86.Build.0 = Release|Any CPU
		{0722B3DB-76CD-4562-BEA9-5C5C416B6A39}.AppVeyor|Any CPU.ActiveCfg = Release|Any CPU
		{0722B3DB-76CD-4562-BEA9-5C5C416B6A39}.AppVeyor|Any CPU.Build.0 = Release|Any CPU
		{0722B3DB-76CD-4562-BEA9-5C5C416B6A39}.AppVeyor|x86.ActiveCfg = Release|Any CPU
		{0722B3DB-76CD-4562-BEA9-5C5C416B6A39}.AppVeyor|x86.Build.0 = Release|Any CPU
		{0722B3DB-76CD-4562-BEA9-5C5C416B6A39}.Debug|Any CPU.ActiveCfg = Debug|Any CPU
		{0722B3DB-76CD-4562-BEA9-5C5C416B6A39}.Debug|Any CPU.Build.0 = Debug|Any CPU
		{0722B3DB-76CD-4562-BEA9-5C5C416B6A39}.Debug|x86.ActiveCfg = Debug|Any CPU
		{0722B3DB-76CD-4562-BEA9-5C5C416B6A39}.Debug|x86.Build.0 = Debug|Any CPU
		{0722B3DB-76CD-4562-BEA9-5C5C416B6A39}.Release|Any CPU.ActiveCfg = Release|Any CPU
		{0722B3DB-76CD-4562-BEA9-5C5C416B6A39}.Release|Any CPU.Build.0 = Release|Any CPU
		{0722B3DB-76CD-4562-BEA9-5C5C416B6A39}.Release|x86.ActiveCfg = Release|Any CPU
		{0722B3DB-76CD-4562-BEA9-5C5C416B6A39}.Release|x86.Build.0 = Release|Any CPU
		{6A912701-3BA1-4975-ADBF-160CAF66B640}.AppVeyor|Any CPU.ActiveCfg = Release|Any CPU
		{6A912701-3BA1-4975-ADBF-160CAF66B640}.AppVeyor|Any CPU.Build.0 = Release|Any CPU
		{6A912701-3BA1-4975-ADBF-160CAF66B640}.AppVeyor|x86.ActiveCfg = Release|Any CPU
		{6A912701-3BA1-4975-ADBF-160CAF66B640}.AppVeyor|x86.Build.0 = Release|Any CPU
		{6A912701-3BA1-4975-ADBF-160CAF66B640}.Debug|Any CPU.ActiveCfg = Debug|Any CPU
		{6A912701-3BA1-4975-ADBF-160CAF66B640}.Debug|Any CPU.Build.0 = Debug|Any CPU
		{6A912701-3BA1-4975-ADBF-160CAF66B640}.Debug|x86.ActiveCfg = Debug|Any CPU
		{6A912701-3BA1-4975-ADBF-160CAF66B640}.Debug|x86.Build.0 = Debug|Any CPU
		{6A912701-3BA1-4975-ADBF-160CAF66B640}.Release|Any CPU.ActiveCfg = Release|Any CPU
		{6A912701-3BA1-4975-ADBF-160CAF66B640}.Release|Any CPU.Build.0 = Release|Any CPU
		{6A912701-3BA1-4975-ADBF-160CAF66B640}.Release|x86.ActiveCfg = Release|Any CPU
		{6A912701-3BA1-4975-ADBF-160CAF66B640}.Release|x86.Build.0 = Release|Any CPU
		{E708AC99-605B-42A0-8D20-ABCA8FE42DD2}.AppVeyor|Any CPU.ActiveCfg = Release|Any CPU
		{E708AC99-605B-42A0-8D20-ABCA8FE42DD2}.AppVeyor|Any CPU.Build.0 = Release|Any CPU
		{E708AC99-605B-42A0-8D20-ABCA8FE42DD2}.AppVeyor|x86.ActiveCfg = Release|Any CPU
		{E708AC99-605B-42A0-8D20-ABCA8FE42DD2}.AppVeyor|x86.Build.0 = Release|Any CPU
		{E708AC99-605B-42A0-8D20-ABCA8FE42DD2}.Debug|Any CPU.ActiveCfg = Debug|Any CPU
		{E708AC99-605B-42A0-8D20-ABCA8FE42DD2}.Debug|Any CPU.Build.0 = Debug|Any CPU
		{E708AC99-605B-42A0-8D20-ABCA8FE42DD2}.Debug|x86.ActiveCfg = Debug|Any CPU
		{E708AC99-605B-42A0-8D20-ABCA8FE42DD2}.Debug|x86.Build.0 = Debug|Any CPU
		{E708AC99-605B-42A0-8D20-ABCA8FE42DD2}.Release|Any CPU.ActiveCfg = Release|Any CPU
		{E708AC99-605B-42A0-8D20-ABCA8FE42DD2}.Release|Any CPU.Build.0 = Release|Any CPU
		{E708AC99-605B-42A0-8D20-ABCA8FE42DD2}.Release|x86.ActiveCfg = Release|Any CPU
		{E708AC99-605B-42A0-8D20-ABCA8FE42DD2}.Release|x86.Build.0 = Release|Any CPU
		{54185BEA-D735-4A8E-808C-807F8B626463}.AppVeyor|Any CPU.ActiveCfg = Release|Any CPU
		{54185BEA-D735-4A8E-808C-807F8B626463}.AppVeyor|Any CPU.Build.0 = Release|Any CPU
		{54185BEA-D735-4A8E-808C-807F8B626463}.AppVeyor|x86.ActiveCfg = Release|Any CPU
		{54185BEA-D735-4A8E-808C-807F8B626463}.AppVeyor|x86.Build.0 = Release|Any CPU
		{54185BEA-D735-4A8E-808C-807F8B626463}.Debug|Any CPU.ActiveCfg = Debug|Any CPU
		{54185BEA-D735-4A8E-808C-807F8B626463}.Debug|Any CPU.Build.0 = Debug|Any CPU
		{54185BEA-D735-4A8E-808C-807F8B626463}.Debug|x86.ActiveCfg = Debug|Any CPU
		{54185BEA-D735-4A8E-808C-807F8B626463}.Debug|x86.Build.0 = Debug|Any CPU
		{54185BEA-D735-4A8E-808C-807F8B626463}.Release|Any CPU.ActiveCfg = Release|Any CPU
		{54185BEA-D735-4A8E-808C-807F8B626463}.Release|Any CPU.Build.0 = Release|Any CPU
		{54185BEA-D735-4A8E-808C-807F8B626463}.Release|x86.ActiveCfg = Release|Any CPU
		{54185BEA-D735-4A8E-808C-807F8B626463}.Release|x86.Build.0 = Release|Any CPU
		{14258388-26C2-4BC1-A836-86B677038273}.AppVeyor|Any CPU.ActiveCfg = Release|Any CPU
		{14258388-26C2-4BC1-A836-86B677038273}.AppVeyor|Any CPU.Build.0 = Release|Any CPU
		{14258388-26C2-4BC1-A836-86B677038273}.AppVeyor|x86.ActiveCfg = Release|Any CPU
		{14258388-26C2-4BC1-A836-86B677038273}.AppVeyor|x86.Build.0 = Release|Any CPU
		{14258388-26C2-4BC1-A836-86B677038273}.Debug|Any CPU.ActiveCfg = Debug|Any CPU
		{14258388-26C2-4BC1-A836-86B677038273}.Debug|Any CPU.Build.0 = Debug|Any CPU
		{14258388-26C2-4BC1-A836-86B677038273}.Debug|x86.ActiveCfg = Debug|Any CPU
		{14258388-26C2-4BC1-A836-86B677038273}.Debug|x86.Build.0 = Debug|Any CPU
		{14258388-26C2-4BC1-A836-86B677038273}.Release|Any CPU.ActiveCfg = Release|Any CPU
		{14258388-26C2-4BC1-A836-86B677038273}.Release|Any CPU.Build.0 = Release|Any CPU
		{14258388-26C2-4BC1-A836-86B677038273}.Release|x86.ActiveCfg = Release|Any CPU
		{14258388-26C2-4BC1-A836-86B677038273}.Release|x86.Build.0 = Release|Any CPU
	EndGlobalSection
	GlobalSection(SolutionProperties) = preSolution
		HideSolutionNode = FALSE
	EndGlobalSection
	GlobalSection(NestedProjects) = preSolution
		{942D11C4-29F5-46C4-8C14-4B976D56C637} = {B3627858-8280-4E36-99B3-66543AD8BB9C}
		{04608184-27B9-42A2-9E5E-69A6CB21ECFE} = {B3627858-8280-4E36-99B3-66543AD8BB9C}
		{2854814F-EA3C-41D4-AA94-460C4694F430} = {B3627858-8280-4E36-99B3-66543AD8BB9C}
		{F33E2408-9254-4BAE-9B0A-52ACDEE00BD9} = {B3627858-8280-4E36-99B3-66543AD8BB9C}
		{A9AE40FF-1A21-414A-9FE7-3BE13644CC6D} = {B3627858-8280-4E36-99B3-66543AD8BB9C}
		{0722B3DB-76CD-4562-BEA9-5C5C416B6A39} = {B3627858-8280-4E36-99B3-66543AD8BB9C}
		{6A912701-3BA1-4975-ADBF-160CAF66B640} = {B3627858-8280-4E36-99B3-66543AD8BB9C}
		{E708AC99-605B-42A0-8D20-ABCA8FE42DD2} = {B3627858-8280-4E36-99B3-66543AD8BB9C}
	EndGlobalSection
EndGlobal
